{
  "name": "phonegap-template-hello-world",
  "version": "4.0.4",
  "lockfileVersion": 1,
  "requires": true,
  "dependencies": {
    "cordova-engineroom-mileagetracker": {
      "version": "git+https://github.com/Jakub-Ciecierski/PhonegapPlugin.git#bf77d5161cb61fe9d36490dee89023d2ddb3589a",
      "from": "git+https://github.com/Jakub-Ciecierski/PhonegapPlugin.git"
    },
    "cordova-plugin-hello": {
      "version": "git+https://github.com/Jakub-Ciecierski/PhonegapPlugin.git#7698ac87b1c42ce5e6918e874b513f0156042f75",
      "from": "git+https://github.com/Jakub-Ciecierski/PhonegapPlugin.git"
    }
  }
}
